
Microsoft Visual Studio Solution File, Format Version 12.00
# Visual Studio 2012
Project("{FAE04EC0-301F-11D3-BF4B-00C04F79EFBC}") = "PasswordUtility", "PasswordUtility\PasswordUtility.csproj", "{9ADDC61B-D3F0-4033-8AC2-8F30E0FA4DEE}"
EndProject
Project("{FAE04EC0-301F-11D3-BF4B-00C04F79EFBC}") = "CryptoLib", "CryptoLib\CryptoLib.csproj", "{7A634057-5717-41B9-A588-A137966EF49C}"
EndProject
Global
	GlobalSection(SolutionConfigurationPlatforms) = preSolution
		Debug|Any CPU = Debug|Any CPU
		Release|Any CPU = Release|Any CPU
	EndGlobalSection
	GlobalSection(ProjectConfigurationPlatforms) = postSolution
		{9ADDC61B-D3F0-4033-8AC2-8F30E0FA4DEE}.Debug|Any CPU.ActiveCfg = Debug|Any CPU
		{9ADDC61B-D3F0-4033-8AC2-8F30E0FA4DEE}.Debug|Any CPU.Build.0 = Debug|Any CPU
		{9ADDC61B-D3F0-4033-8AC2-8F30E0FA4DEE}.Release|Any CPU.ActiveCfg = Release|Any CPU
		{9ADDC61B-D3F0-4033-8AC2-8F30E0FA4DEE}.Release|Any CPU.Build.0 = Release|Any CPU
		{7A634057-5717-41B9-A588-A137966EF49C}.Debug|Any CPU.ActiveCfg = Debug|Any CPU
		{7A634057-5717-41B9-A588-A137966EF49C}.Debug|Any CPU.Build.0 = Debug|Any CPU
		{7A634057-5717-41B9-A588-A137966EF49C}.Release|Any CPU.ActiveCfg = Release|Any CPU
		{7A634057-5717-41B9-A588-A137966EF49C}.Release|Any CPU.Build.0 = Release|Any CPU
	EndGlobalSection
	GlobalSection(SolutionProperties) = preSolution
		HideSolutionNode = FALSE
	EndGlobalSection
EndGlobal
